// !$*UTF8*$!
{
	archiveVersion = 1;
	classes = {
	};
	objectVersion = 46;
	objects = {

/* Begin PBXBuildFile section */
		658D5DE317D2714C00520B4C /* UIKit.framework in Frameworks */ = {isa = PBXBuildFile; fileRef = 658D5DE217D2714C00520B4C /* UIKit.framework */; };
		658D5DE517D2714C00520B4C /* Foundation.framework in Frameworks */ = {isa = PBXBuildFile; fileRef = 658D5DE417D2714C00520B4C /* Foundation.framework */; };
		658D5DE717D2714C00520B4C /* CoreGraphics.framework in Frameworks */ = {isa = PBXBuildFile; fileRef = 658D5DE617D2714C00520B4C /* CoreGraphics.framework */; };
		658D5DED17D2714C00520B4C /* InfoPlist.strings in Resources */ = {isa = PBXBuildFile; fileRef = 658D5DEB17D2714C00520B4C /* InfoPlist.strings */; };
		658D5DEF17D2714C00520B4C /* main.m in Sources */ = {isa = PBXBuildFile; fileRef = 658D5DEE17D2714C00520B4C /* main.m */; };
		658D5DF317D2714C00520B4C /* MenusAppDelegate.m in Sources */ = {isa = PBXBuildFile; fileRef = 658D5DF217D2714C00520B4C /* MenusAppDelegate.m */; };
		658D5DF517D2714C00520B4C /* Default.png in Resources */ = {isa = PBXBuildFile; fileRef = 658D5DF417D2714C00520B4C /* Default.png */; };
		658D5DF717D2714C00520B4C /* Default@2x.png in Resources */ = {isa = PBXBuildFile; fileRef = 658D5DF617D2714C00520B4C /* Default@2x.png */; };
		658D5DF917D2714C00520B4C /* Default-568h@2x.png in Resources */ = {isa = PBXBuildFile; fileRef = 658D5DF817D2714C00520B4C /* Default-568h@2x.png */; };
		658D5DFC17D2714C00520B4C /* MenusViewController.m in Sources */ = {isa = PBXBuildFile; fileRef = 658D5DFB17D2714C00520B4C /* MenusViewController.m */; };
		658D5DFF17D2714C00520B4C /* MenusViewController.xib in Resources */ = {isa = PBXBuildFile; fileRef = 658D5DFD17D2714C00520B4C /* MenusViewController.xib */; };
		658D5E0B17D271BA00520B4C /* buttonbg.png in Resources */ = {isa = PBXBuildFile; fileRef = 658D5E0617D271BA00520B4C /* buttonbg.png */; };
		658D5E1317D3C60C00520B4C /* single_dancer.png in Resources */ = {isa = PBXBuildFile; fileRef = 658D5E1217D3C60C00520B4C /* single_dancer.png */; };
		658D5E1617D3CB3F00520B4C /* gear.png in Resources */ = {isa = PBXBuildFile; fileRef = 658D5E1417D3CB3F00520B4C /* gear.png */; };
		658D5E1717D3CB3F00520B4C /* eye.png in Resources */ = {isa = PBXBuildFile; fileRef = 658D5E1517D3CB3F00520B4C /* eye.png */; };
		658D5E1917D3CF1200520B4C /* burger.png in Resources */ = {isa = PBXBuildFile; fileRef = 658D5E1817D3CF1200520B4C /* burger.png */; };
		658D5E1B17D3CF4F00520B4C /* sara_interface_bar.png in Resources */ = {isa = PBXBuildFile; fileRef = 658D5E1A17D3CF4F00520B4C /* sara_interface_bar.png */; };
		658D5E1F17D3D3FD00520B4C /* no_filter.png in Resources */ = {isa = PBXBuildFile; fileRef = 658D5E1E17D3D3FD00520B4C /* no_filter.png */; };
		658D5E2117D3D44500520B4C /* bar.png in Resources */ = {isa = PBXBuildFile; fileRef = 658D5E2017D3D44500520B4C /* bar.png */; };
/* End PBXBuildFile section */

/* Begin PBXFileReference section */
		658D5DDF17D2714C00520B4C /* Menu Test.app */ = {isa = PBXFileReference; explicitFileType = wrapper.application; includeInIndex = 0; path = "Menu Test.app"; sourceTree = BUILT_PRODUCTS_DIR; };
		658D5DE217D2714C00520B4C /* UIKit.framework */ = {isa = PBXFileReference; lastKnownFileType = wrapper.framework; name = UIKit.framework; path = System/Library/Frameworks/UIKit.framework; sourceTree = SDKROOT; };
		658D5DE417D2714C00520B4C /* Foundation.framework */ = {isa = PBXFileReference; lastKnownFileType = wrapper.framework; name = Foundation.framework; path = System/Library/Frameworks/Foundation.framework; sourceTree = SDKROOT; };
		658D5DE617D2714C00520B4C /* CoreGraphics.framework */ = {isa = PBXFileReference; lastKnownFileType = wrapper.framework; name = CoreGraphics.framework; path = System/Library/Frameworks/CoreGraphics.framework; sourceTree = SDKROOT; };
		658D5DEA17D2714C00520B4C /* Menu Test-Info.plist */ = {isa = PBXFileReference; lastKnownFileType = text.plist.xml; path = "Menu Test-Info.plist"; sourceTree = "<group>"; };
		658D5DEC17D2714C00520B4C /* en */ = {isa = PBXFileReference; lastKnownFileType = text.plist.strings; name = en; path = en.lproj/InfoPlist.strings; sourceTree = "<group>"; };
		658D5DEE17D2714C00520B4C /* main.m */ = {isa = PBXFileReference; lastKnownFileType = sourcecode.c.objc; path = main.m; sourceTree = "<group>"; };
		658D5DF017D2714C00520B4C /* Menu Test-Prefix.pch */ = {isa = PBXFileReference; lastKnownFileType = sourcecode.c.h; path = "Menu Test-Prefix.pch"; sourceTree = "<group>"; };
		658D5DF117D2714C00520B4C /* MenusAppDelegate.h */ = {isa = PBXFileReference; lastKnownFileType = sourcecode.c.h; path = MenusAppDelegate.h; sourceTree = "<group>"; };
		658D5DF217D2714C00520B4C /* MenusAppDelegate.m */ = {isa = PBXFileReference; lastKnownFileType = sourcecode.c.objc; path = MenusAppDelegate.m; sourceTree = "<group>"; };
		658D5DF417D2714C00520B4C /* Default.png */ = {isa = PBXFileReference; lastKnownFileType = image.png; path = Default.png; sourceTree = "<group>"; };
		658D5DF617D2714C00520B4C /* Default@2x.png */ = {isa = PBXFileReference; lastKnownFileType = image.png; path = "Default@2x.png"; sourceTree = "<group>"; };
		658D5DF817D2714C00520B4C /* Default-568h@2x.png */ = {isa = PBXFileReference; lastKnownFileType = image.png; path = "Default-568h@2x.png"; sourceTree = "<group>"; };
		658D5DFA17D2714C00520B4C /* MenusViewController.h */ = {isa = PBXFileReference; lastKnownFileType = sourcecode.c.h; path = MenusViewController.h; sourceTree = "<group>"; };
		658D5DFB17D2714C00520B4C /* MenusViewController.m */ = {isa = PBXFileReference; lastKnownFileType = sourcecode.c.objc; path = MenusViewController.m; sourceTree = "<group>"; };
		658D5DFE17D2714C00520B4C /* en */ = {isa = PBXFileReference; lastKnownFileType = file.xib; name = en; path = en.lproj/MenusViewController.xib; sourceTree = "<group>"; };
		658D5E0617D271BA00520B4C /* buttonbg.png */ = {isa = PBXFileReference; lastKnownFileType = image.png; path = buttonbg.png; sourceTree = "<group>"; };
		658D5E1217D3C60C00520B4C /* single_dancer.png */ = {isa = PBXFileReference; lastKnownFileType = image.png; path = single_dancer.png; sourceTree = "<group>"; };
		658D5E1417D3CB3F00520B4C /* gear.png */ = {isa = PBXFileReference; lastKnownFileType = image.png; path = gear.png; sourceTree = "<group>"; };
		658D5E1517D3CB3F00520B4C /* eye.png */ = {isa = PBXFileReference; lastKnownFileType = image.png; path = eye.png; sourceTree = "<group>"; };
		658D5E1817D3CF1200520B4C /* burger.png */ = {isa = PBXFileReference; lastKnownFileType = image.png; path = burger.png; sourceTree = "<group>"; };
		658D5E1A17D3CF4F00520B4C /* sara_interface_bar.png */ = {isa = PBXFileReference; lastKnownFileType = image.png; path = sara_interface_bar.png; sourceTree = "<group>"; };
		658D5E1E17D3D3FD00520B4C /* no_filter.png */ = {isa = PBXFileReference; lastKnownFileType = image.png; path = no_filter.png; sourceTree = "<group>"; };
		658D5E2017D3D44500520B4C /* bar.png */ = {isa = PBXFileReference; lastKnownFileType = image.png; path = bar.png; sourceTree = "<group>"; };
/* End PBXFileReference section */

/* Begin PBXFrameworksBuildPhase section */
		658D5DDC17D2714C00520B4C /* Frameworks */ = {
			isa = PBXFrameworksBuildPhase;
			buildActionMask = 2147483647;
			files = (
				658D5DE317D2714C00520B4C /* UIKit.framework in Frameworks */,
				658D5DE517D2714C00520B4C /* Foundation.framework in Frameworks */,
				658D5DE717D2714C00520B4C /* CoreGraphics.framework in Frameworks */,
			);
			runOnlyForDeploymentPostprocessing = 0;
		};
/* End PBXFrameworksBuildPhase section */

/* Begin PBXGroup section */
		658D5DD617D2714B00520B4C = {
			isa = PBXGroup;
			children = (
				658D5DE817D2714C00520B4C /* Menu Test */,
				658D5DE117D2714C00520B4C /* Frameworks */,
				658D5DE017D2714C00520B4C /* Products */,
			);
			sourceTree = "<group>";
		};
		658D5DE017D2714C00520B4C /* Products */ = {
			isa = PBXGroup;
			children = (
				658D5DDF17D2714C00520B4C /* Menu Test.app */,
			);
			name = Products;
			sourceTree = "<group>";
		};
		658D5DE117D2714C00520B4C /* Frameworks */ = {
			isa = PBXGroup;
			children = (
				658D5DE217D2714C00520B4C /* UIKit.framework */,
				658D5DE417D2714C00520B4C /* Foundation.framework */,
				658D5DE617D2714C00520B4C /* CoreGraphics.framework */,
			);
			name = Frameworks;
			sourceTree = "<group>";
		};
		658D5DE817D2714C00520B4C /* Menu Test */ = {
			isa = PBXGroup;
			children = (
				658D5DF117D2714C00520B4C /* MenusAppDelegate.h */,
				658D5DF217D2714C00520B4C /* MenusAppDelegate.m */,
				658D5DFA17D2714C00520B4C /* MenusViewController.h */,
				658D5DFB17D2714C00520B4C /* MenusViewController.m */,
				658D5DFD17D2714C00520B4C /* MenusViewController.xib */,
				658D5DE917D2714C00520B4C /* Supporting Files */,
			);
			path = "Menu Test";
			sourceTree = "<group>";
		};
		658D5DE917D2714C00520B4C /* Supporting Files */ = {
			isa = PBXGroup;
			children = (
				658D5E2017D3D44500520B4C /* bar.png */,
				658D5E1E17D3D3FD00520B4C /* no_filter.png */,
				658D5E1A17D3CF4F00520B4C /* sara_interface_bar.png */,
				658D5E1817D3CF1200520B4C /* burger.png */,
				658D5E1417D3CB3F00520B4C /* gear.png */,
				658D5E1517D3CB3F00520B4C /* eye.png */,
				658D5E1217D3C60C00520B4C /* single_dancer.png */,
				658D5E0617D271BA00520B4C /* buttonbg.png */,
				658D5DEA17D2714C00520B4C /* Menu Test-Info.plist */,
				658D5DEB17D2714C00520B4C /* InfoPlist.strings */,
				658D5DEE17D2714C00520B4C /* main.m */,
				658D5DF017D2714C00520B4C /* Menu Test-Prefix.pch */,
				658D5DF417D2714C00520B4C /* Default.png */,
				658D5DF617D2714C00520B4C /* Default@2x.png */,
				658D5DF817D2714C00520B4C /* Default-568h@2x.png */,
			);
			name = "Supporting Files";
			sourceTree = "<group>";
		};
/* End PBXGroup section */

/* Begin PBXNativeTarget section */
		658D5DDE17D2714C00520B4C /* Menu Test */ = {
			isa = PBXNativeTarget;
			buildConfigurationList = 658D5E0217D2714C00520B4C /* Build configuration list for PBXNativeTarget "Menu Test" */;
			buildPhases = (
				658D5DDB17D2714C00520B4C /* Sources */,
				658D5DDC17D2714C00520B4C /* Frameworks */,
				658D5DDD17D2714C00520B4C /* Resources */,
			);
			buildRules = (
			);
			dependencies = (
			);
			name = "Menu Test";
			productName = "Menu Test";
			productReference = 658D5DDF17D2714C00520B4C /* Menu Test.app */;
			productType = "com.apple.product-type.application";
		};
/* End PBXNativeTarget section */

/* Begin PBXProject section */
		658D5DD717D2714C00520B4C /* Project object */ = {
			isa = PBXProject;
			attributes = {
				CLASSPREFIX = Menus;
				LastUpgradeCheck = 0460;
				ORGANIZATIONNAME = collider;
			};
			buildConfigurationList = 658D5DDA17D2714C00520B4C /* Build configuration list for PBXProject "Menu Test" */;
			compatibilityVersion = "Xcode 3.2";
			developmentRegion = English;
			hasScannedForEncodings = 0;
			knownRegions = (
				en,
			);
			mainGroup = 658D5DD617D2714B00520B4C;
			productRefGroup = 658D5DE017D2714C00520B4C /* Products */;
			projectDirPath = "";
			projectRoot = "";
			targets = (
				658D5DDE17D2714C00520B4C /* Menu Test */,
			);
		};
/* End PBXProject section */

/* Begin PBXResourcesBuildPhase section */
		658D5DDD17D2714C00520B4C /* Resources */ = {
			isa = PBXResourcesBuildPhase;
			buildActionMask = 2147483647;
			files = (
				658D5DED17D2714C00520B4C /* InfoPlist.strings in Resources */,
				658D5DF517D2714C00520B4C /* Default.png in Resources */,
				658D5DF717D2714C00520B4C /* Default@2x.png in Resources */,
				658D5DF917D2714C00520B4C /* Default-568h@2x.png in Resources */,
				658D5DFF17D2714C00520B4C /* MenusViewController.xib in Resources */,
				658D5E0B17D271BA00520B4C /* buttonbg.png in Resources */,
				658D5E1317D3C60C00520B4C /* single_dancer.png in Resources */,
				658D5E1617D3CB3F00520B4C /* gear.png in Resources */,
				658D5E1717D3CB3F00520B4C /* eye.png in Resources */,
				658D5E1917D3CF1200520B4C /* burger.png in Resources */,
				658D5E1B17D3CF4F00520B4C /* sara_interface_bar.png in Resources */,
				658D5E1F17D3D3FD00520B4C /* no_filter.png in Resources */,
				658D5E2117D3D44500520B4C /* bar.png in Resources */,
			);
			runOnlyForDeploymentPostprocessing = 0;
		};
/* End PBXResourcesBuildPhase section */

/* Begin PBXSourcesBuildPhase section */
		658D5DDB17D2714C00520B4C /* Sources */ = {
			isa = PBXSourcesBuildPhase;
			buildActionMask = 2147483647;
			files = (
				658D5DEF17D2714C00520B4C /* main.m in Sources */,
				658D5DF317D2714C00520B4C /* MenusAppDelegate.m in Sources */,
				658D5DFC17D2714C00520B4C /* MenusViewController.m in Sources */,
			);
			runOnlyForDeploymentPostprocessing = 0;
		};
/* End PBXSourcesBuildPhase section */

/* Begin PBXVariantGroup section */
		658D5DEB17D2714C00520B4C /* InfoPlist.strings */ = {
			isa = PBXVariantGroup;
			children = (
				658D5DEC17D2714C00520B4C /* en */,
			);
			name = InfoPlist.strings;
			sourceTree = "<group>";
		};
		658D5DFD17D2714C00520B4C /* MenusViewController.xib */ = {
			isa = PBXVariantGroup;
			children = (
				658D5DFE17D2714C00520B4C /* en */,
			);
			name = MenusViewController.xib;
			sourceTree = "<group>";
		};
/* End PBXVariantGroup section */

/* Begin XCBuildConfiguration section */
		658D5E0017D2714C00520B4C /* Debug */ = {
			isa = XCBuildConfiguration;
			buildSettings = {
				ALWAYS_SEARCH_USER_PATHS = NO;
				CLANG_CXX_LANGUAGE_STANDARD = "gnu++0x";
				CLANG_CXX_LIBRARY = "libc++";
				CLANG_WARN_CONSTANT_CONVERSION = YES;
				CLANG_WARN_EMPTY_BODY = YES;
				CLANG_WARN_ENUM_CONVERSION = YES;
				CLANG_WARN_INT_CONVERSION = YES;
				CLANG_WARN__DUPLICATE_METHOD_MATCH = YES;
				"CODE_SIGN_IDENTITY[sdk=iphoneos*]" = "iPhone Developer";
				COPY_PHASE_STRIP = NO;
				GCC_C_LANGUAGE_STANDARD = gnu99;
				GCC_DYNAMIC_NO_PIC = NO;
				GCC_OPTIMIZATION_LEVEL = 0;
				GCC_PREPROCESSOR_DEFINITIONS = (
					"DEBUG=1",
					"$(inherited)",
				);
				GCC_SYMBOLS_PRIVATE_EXTERN = NO;
				GCC_WARN_ABOUT_RETURN_TYPE = YES;
				GCC_WARN_UNINITIALIZED_AUTOS = YES;
				GCC_WARN_UNUSED_VARIABLE = YES;
				IPHONEOS_DEPLOYMENT_TARGET = 6.1;
				ONLY_ACTIVE_ARCH = YES;
				SDKROOT = iphoneos;
			};
			name = Debug;
		};
		658D5E0117D2714C00520B4C /* Release */ = {
			isa = XCBuildConfiguration;
			buildSettings = {
				ALWAYS_SEARCH_USER_PATHS = NO;
				CLANG_CXX_LANGUAGE_STANDARD = "gnu++0x";
				CLANG_CXX_LIBRARY = "libc++";
				CLANG_WARN_CONSTANT_CONVERSION = YES;
				CLANG_WARN_EMPTY_BODY = YES;
				CLANG_WARN_ENUM_CONVERSION = YES;
				CLANG_WARN_INT_CONVERSION = YES;
				CLANG_WARN__DUPLICATE_METHOD_MATCH = YES;
				"CODE_SIGN_IDENTITY[sdk=iphoneos*]" = "iPhone Developer";
				COPY_PHASE_STRIP = YES;
				GCC_C_LANGUAGE_STANDARD = gnu99;
				GCC_WARN_ABOUT_RETURN_TYPE = YES;
				GCC_WARN_UNINITIALIZED_AUTOS = YES;
				GCC_WARN_UNUSED_VARIABLE = YES;
				IPHONEOS_DEPLOYMENT_TARGET = 6.1;
				OTHER_CFLAGS = "-DNS_BLOCK_ASSERTIONS=1";
				SDKROOT = iphoneos;
				VALIDATE_PRODUCT = YES;
			};
			name = Release;
		};
		658D5E0317D2714C00520B4C /* Debug */ = {
			isa = XCBuildConfiguration;
			buildSettings = {
				GCC_PRECOMPILE_PREFIX_HEADER = YES;
				GCC_PREFIX_HEADER = "Menu Test/Menu Test-Prefix.pch";
				INFOPLIST_FILE = "Menu Test/Menu Test-Info.plist";
				PRODUCT_NAME = "$(TARGET_NAME)";
				WRAPPER_EXTENSION = app;
			};
			name = Debug;
		};
		658D5E0417D2714C00520B4C /* Release */ = {
			isa = XCBuildConfiguration;
			buildSettings = {
				GCC_PRECOMPILE_PREFIX_HEADER = YES;
				GCC_PREFIX_HEADER = "Menu Test/Menu Test-Prefix.pch";
				INFOPLIST_FILE = "Menu Test/Menu Test-Info.plist";
				PRODUCT_NAME = "$(TARGET_NAME)";
				WRAPPER_EXTENSION = app;
			};
			name = Release;
		};
/* End XCBuildConfiguration section */

/* Begin XCConfigurationList section */
		658D5DDA17D2714C00520B4C /* Build configuration list for PBXProject "Menu Test" */ = {
			isa = XCConfigurationList;
			buildConfigurations = (
				658D5E0017D2714C00520B4C /* Debug */,
				658D5E0117D2714C00520B4C /* Release */,
			);
			defaultConfigurationIsVisible = 0;
			defaultConfigurationName = Release;
		};
		658D5E0217D2714C00520B4C /* Build configuration list for PBXNativeTarget "Menu Test" */ = {
			isa = XCConfigurationList;
			buildConfigurations = (
				658D5E0317D2714C00520B4C /* Debug */,
				658D5E0417D2714C00520B4C /* Release */,
			);
			defaultConfigurationIsVisible = 0;
		};
/* End XCConfigurationList section */
	};
	rootObject = 658D5DD717D2714C00520B4C /* Project object */;
}
